
Microsoft Visual Studio Solution File, Format Version 12.00
Project("{FAE04EC0-301F-11D3-BF4B-00C04F79EFBC}") = "TransactionStore.Api", "TransactionStore.Api\TransactionStore.Api.csproj", "{6CF37F71-40AE-4C24-862C-8AD1F0866B79}"
EndProject
Project("{FAE04EC0-301F-11D3-BF4B-00C04F79EFBC}") = "TransactionStore.Data", "TransactionStore.Data\TransactionStore.Data.csproj", "{19818DC2-9E97-4127-9A78-2BC77549615C}"
EndProject
Project("{FAE04EC0-301F-11D3-BF4B-00C04F79EFBC}") = "TransactionStore.Api.Tests", "TransactionStore.Api.Tests\TransactionStore.Api.Tests.csproj", "{1DF689BC-D123-47E3-9430-292E49868CFF}"
EndProject
Project("{FAE04EC0-301F-11D3-BF4B-00C04F79EFBC}") = "docker-compose", "docker-compose.dcproj", "{15348C05-F6D9-4141-BEE4-13B906E4704E}"
EndProject
Global
	GlobalSection(SolutionConfigurationPlatforms) = preSolution
		Debug|Any CPU = Debug|Any CPU
		Release|Any CPU = Release|Any CPU
	EndGlobalSection
	GlobalSection(ProjectConfigurationPlatforms) = postSolution
		{6CF37F71-40AE-4C24-862C-8AD1F0866B79}.Debug|Any CPU.ActiveCfg = Debug|Any CPU
		{6CF37F71-40AE-4C24-862C-8AD1F0866B79}.Debug|Any CPU.Build.0 = Debug|Any CPU
		{6CF37F71-40AE-4C24-862C-8AD1F0866B79}.Release|Any CPU.ActiveCfg = Release|Any CPU
		{6CF37F71-40AE-4C24-862C-8AD1F0866B79}.Release|Any CPU.Build.0 = Release|Any CPU
		{19818DC2-9E97-4127-9A78-2BC77549615C}.Debug|Any CPU.ActiveCfg = Debug|Any CPU
		{19818DC2-9E97-4127-9A78-2BC77549615C}.Debug|Any CPU.Build.0 = Debug|Any CPU
		{19818DC2-9E97-4127-9A78-2BC77549615C}.Release|Any CPU.ActiveCfg = Release|Any CPU
		{19818DC2-9E97-4127-9A78-2BC77549615C}.Release|Any CPU.Build.0 = Release|Any CPU
		{1DF689BC-D123-47E3-9430-292E49868CFF}.Debug|Any CPU.ActiveCfg = Debug|Any CPU
		{1DF689BC-D123-47E3-9430-292E49868CFF}.Debug|Any CPU.Build.0 = Debug|Any CPU
		{1DF689BC-D123-47E3-9430-292E49868CFF}.Release|Any CPU.ActiveCfg = Release|Any CPU
		{1DF689BC-D123-47E3-9430-292E49868CFF}.Release|Any CPU.Build.0 = Release|Any CPU
		{15348C05-F6D9-4141-BEE4-13B906E4704E}.Debug|Any CPU.ActiveCfg = Debug|Any CPU
		{15348C05-F6D9-4141-BEE4-13B906E4704E}.Debug|Any CPU.Build.0 = Debug|Any CPU
		{15348C05-F6D9-4141-BEE4-13B906E4704E}.Release|Any CPU.ActiveCfg = Release|Any CPU
		{15348C05-F6D9-4141-BEE4-13B906E4704E}.Release|Any CPU.Build.0 = Release|Any CPU
	EndGlobalSection
EndGlobal
